{
  "lockfileVersion": 1,
  "configVersion": 1,
  "workspaces": {
    "": {
      "name": "bbext",
    },
    "apps/bbext-cli": {
      "name": "@bbext/cli",
      "version": "0.1.0",
      "bin": {
        "bbext": "dist/bbext",
      },
      "dependencies": {
        "@bbext/lib": "workspace:*",
      },
      "devDependencies": {
        "bun-types": "latest",
      },
    },
    "packages/bbext-lib": {
      "name": "@bbext/lib",
      "version": "0.1.0",
      "devDependencies": {
        "bun-types": "latest",
      },
    },
  },
  "packages": {
    "@bbext/cli": ["@bbext/cli@workspace:apps/bbext-cli"],

    "@bbext/lib": ["@bbext/lib@workspace:packages/bbext-lib"],

    "@types/node": ["@types/node@25.5.0", "", { "dependencies": { "undici-types": "~7.18.0" } }, "sha512-jp2P3tQMSxWugkCUKLRPVUpGaL5MVFwF8RDuSRztfwgN1wmqJeMSbKlnEtQqU8UrhTmzEmZdu2I6v2dpp7XIxw=="],

    "bun-types": ["bun-types@1.3.11", "", { "dependencies": { "@types/node": "*" } }, "sha512-1KGPpoxQWl9f6wcZh57LvrPIInQMn2TQ7jsgxqpRzg+l0QPOFvJVH7HmvHo/AiPgwXy+/Thf6Ov3EdVn1vOabg=="],

    "undici-types": ["undici-types@7.18.2", "", {}, "sha512-AsuCzffGHJybSaRrmr5eHr81mwJU3kjw6M+uprWvCXiNeN9SOGwQ3Jn8jb8m3Z6izVgknn1R0FTCEAP2QrLY/w=="],
  }
}
